
Microsoft Visual Studio Solution File, Format Version 12.00
# Visual Studio Version 16
VisualStudioVersion = 16.0.31605.320
MinimumVisualStudioVersion = 10.0.40219.1
Project("{FAE04EC0-301F-11D3-BF4B-00C04F79EFBC}") = "abstrFactr", "abstrFactr.csproj", "{3D17D4C1-F417-4877-9077-03F3C4C15CEE}"
EndProject
Global
	GlobalSection(SolutionConfigurationPlatforms) = preSolution
		Debug|Any CPU = Debug|Any CPU
		Release|Any CPU = Release|Any CPU
	EndGlobalSection
	GlobalSection(ProjectConfigurationPlatforms) = postSolution
		{3D17D4C1-F417-4877-9077-03F3C4C15CEE}.Debug|Any CPU.ActiveCfg = Debug|Any CPU
		{3D17D4C1-F417-4877-9077-03F3C4C15CEE}.Debug|Any CPU.Build.0 = Debug|Any CPU
		{3D17D4C1-F417-4877-9077-03F3C4C15CEE}.Release|Any CPU.ActiveCfg = Release|Any CPU
		{3D17D4C1-F417-4877-9077-03F3C4C15CEE}.Release|Any CPU.Build.0 = Release|Any CPU
	EndGlobalSection
	GlobalSection(SolutionProperties) = preSolution
		HideSolutionNode = FALSE
	EndGlobalSection
	GlobalSection(ExtensibilityGlobals) = postSolution
		SolutionGuid = {DBC48D71-5D8C-4AE7-A52F-C8E28C3E93A7}
	EndGlobalSection
EndGlobal
